
Microsoft Visual Studio Solution File, Format Version 12.00
# Visual Studio Version 17
VisualStudioVersion = 17.3.32804.467
MinimumVisualStudioVersion = 10.0.40219.1
Project("{FAE04EC0-301F-11D3-BF4B-00C04F79EFBC}") = "BlazorApp.Server", "BlazorApp\Server\BlazorApp.Server.csproj", "{4D5683A9-1CDA-4F18-AF58-CD49C4DEA1D3}"
EndProject
Project("{FAE04EC0-301F-11D3-BF4B-00C04F79EFBC}") = "BlazorApp.Client", "BlazorApp\Client\BlazorApp.Client.csproj", "{606D3123-6784-4CE0-92EF-F6349FB56C53}"
EndProject
Project("{FAE04EC0-301F-11D3-BF4B-00C04F79EFBC}") = "BlazorApp.Shared", "BlazorApp\Shared\BlazorApp.Shared.csproj", "{235D7270-5ACD-4C71-8240-8480458C782B}"
EndProject
Global
	GlobalSection(SolutionConfigurationPlatforms) = preSolution
		Debug|Any CPU = Debug|Any CPU
		Release|Any CPU = Release|Any CPU
	EndGlobalSection
	GlobalSection(ProjectConfigurationPlatforms) = postSolution
		{4D5683A9-1CDA-4F18-AF58-CD49C4DEA1D3}.Debug|Any CPU.ActiveCfg = Debug|Any CPU
		{4D5683A9-1CDA-4F18-AF58-CD49C4DEA1D3}.Debug|Any CPU.Build.0 = Debug|Any CPU
		{4D5683A9-1CDA-4F18-AF58-CD49C4DEA1D3}.Release|Any CPU.ActiveCfg = Release|Any CPU
		{4D5683A9-1CDA-4F18-AF58-CD49C4DEA1D3}.Release|Any CPU.Build.0 = Release|Any CPU
		{606D3123-6784-4CE0-92EF-F6349FB56C53}.Debug|Any CPU.ActiveCfg = Debug|Any CPU
		{606D3123-6784-4CE0-92EF-F6349FB56C53}.Debug|Any CPU.Build.0 = Debug|Any CPU
		{606D3123-6784-4CE0-92EF-F6349FB56C53}.Release|Any CPU.ActiveCfg = Release|Any CPU
		{606D3123-6784-4CE0-92EF-F6349FB56C53}.Release|Any CPU.Build.0 = Release|Any CPU
		{235D7270-5ACD-4C71-8240-8480458C782B}.Debug|Any CPU.ActiveCfg = Debug|Any CPU
		{235D7270-5ACD-4C71-8240-8480458C782B}.Debug|Any CPU.Build.0 = Debug|Any CPU
		{235D7270-5ACD-4C71-8240-8480458C782B}.Release|Any CPU.ActiveCfg = Release|Any CPU
		{235D7270-5ACD-4C71-8240-8480458C782B}.Release|Any CPU.Build.0 = Release|Any CPU
	EndGlobalSection
	GlobalSection(SolutionProperties) = preSolution
		HideSolutionNode = FALSE
	EndGlobalSection
	GlobalSection(ExtensibilityGlobals) = postSolution
		SolutionGuid = {7C9E0B36-91B8-4ABF-916C-F30C6B8CE835}
	EndGlobalSection
EndGlobal
